
Microsoft Visual Studio Solution File, Format Version 12.00
# Visual Studio Version 16
VisualStudioVersion = 16.0.29920.165
MinimumVisualStudioVersion = 10.0.40219.1
Project("{FAE04EC0-301F-11D3-BF4B-00C04F79EFBC}") = "LAB4", "LAB4\LAB4.csproj", "{96171D51-1956-4281-A247-A8344B90450E}"
EndProject
Global
	GlobalSection(SolutionConfigurationPlatforms) = preSolution
		Debug|Any CPU = Debug|Any CPU
		Release|Any CPU = Release|Any CPU
	EndGlobalSection
	GlobalSection(ProjectConfigurationPlatforms) = postSolution
		{96171D51-1956-4281-A247-A8344B90450E}.Debug|Any CPU.ActiveCfg = Debug|Any CPU
		{96171D51-1956-4281-A247-A8344B90450E}.Debug|Any CPU.Build.0 = Debug|Any CPU
		{96171D51-1956-4281-A247-A8344B90450E}.Release|Any CPU.ActiveCfg = Release|Any CPU
		{96171D51-1956-4281-A247-A8344B90450E}.Release|Any CPU.Build.0 = Release|Any CPU
	EndGlobalSection
	GlobalSection(SolutionProperties) = preSolution
		HideSolutionNode = FALSE
	EndGlobalSection
	GlobalSection(ExtensibilityGlobals) = postSolution
		SolutionGuid = {1C3AC715-434E-42F4-8680-9CEFE3313A52}
	EndGlobalSection
EndGlobal
